
Microsoft Visual Studio Solution File, Format Version 12.00
# Visual Studio Version 17
VisualStudioVersion = 17.9.34616.47
MinimumVisualStudioVersion = 10.0.40219.1
Project("{FAE04EC0-301F-11D3-BF4B-00C04F79EFBC}") = "RH365", "RH365.csproj", "{283700DF-BEDE-412C-CA80-1D8F0ED4BE79}"
EndProject
Project("{FAE04EC0-301F-11D3-BF4B-00C04F79EFBC}") = "RH365.Core", "..\RH365.Core\RH365.Core.csproj", "{2B96D4DA-1FFF-13B4-C19F-88DC1FE5392B}"
EndProject
Project("{FAE04EC0-301F-11D3-BF4B-00C04F79EFBC}") = "RH365.Infrastructure", "..\RH365.Infrastructure\RH365.Infrastructure.csproj", "{CD039852-93A9-20B7-8555-BFEA2368E3B3}"
EndProject
Global
	GlobalSection(SolutionConfigurationPlatforms) = preSolution
		Debug|Any CPU = Debug|Any CPU
		Release|Any CPU = Release|Any CPU
	EndGlobalSection
	GlobalSection(ProjectConfigurationPlatforms) = postSolution
		{283700DF-BEDE-412C-CA80-1D8F0ED4BE79}.Debug|Any CPU.ActiveCfg = Debug|Any CPU
		{283700DF-BEDE-412C-CA80-1D8F0ED4BE79}.Debug|Any CPU.Build.0 = Debug|Any CPU
		{283700DF-BEDE-412C-CA80-1D8F0ED4BE79}.Release|Any CPU.ActiveCfg = Release|Any CPU
		{283700DF-BEDE-412C-CA80-1D8F0ED4BE79}.Release|Any CPU.Build.0 = Release|Any CPU
		{2B96D4DA-1FFF-13B4-C19F-88DC1FE5392B}.Debug|Any CPU.ActiveCfg = Debug|Any CPU
		{2B96D4DA-1FFF-13B4-C19F-88DC1FE5392B}.Debug|Any CPU.Build.0 = Debug|Any CPU
		{2B96D4DA-1FFF-13B4-C19F-88DC1FE5392B}.Release|Any CPU.ActiveCfg = Release|Any CPU
		{2B96D4DA-1FFF-13B4-C19F-88DC1FE5392B}.Release|Any CPU.Build.0 = Release|Any CPU
		{CD039852-93A9-20B7-8555-BFEA2368E3B3}.Debug|Any CPU.ActiveCfg = Debug|Any CPU
		{CD039852-93A9-20B7-8555-BFEA2368E3B3}.Debug|Any CPU.Build.0 = Debug|Any CPU
		{CD039852-93A9-20B7-8555-BFEA2368E3B3}.Release|Any CPU.ActiveCfg = Release|Any CPU
		{CD039852-93A9-20B7-8555-BFEA2368E3B3}.Release|Any CPU.Build.0 = Release|Any CPU
	EndGlobalSection
	GlobalSection(SolutionProperties) = preSolution
		HideSolutionNode = FALSE
	EndGlobalSection
	GlobalSection(ExtensibilityGlobals) = postSolution
		SolutionGuid = {61D60041-32B4-4059-9FA7-F60099851247}
	EndGlobalSection
EndGlobal
